// !$*UTF8*$!
{
	archiveVersion = 1;
	classes = {
	};
	objectVersion = 50;
	objects = {

/* Begin PBXBuildFile section */
		148CED6026E00D77004657C1 /* AdidevTech_ProjectTests.swift in Sources */ = {isa = PBXBuildFile; fileRef = 148CED5F26E00D77004657C1 /* AdidevTech_ProjectTests.swift */; };
		148CED6926E091F0004657C1 /* Model.swift in Sources */ = {isa = PBXBuildFile; fileRef = 148CED6826E091F0004657C1 /* Model.swift */; };
		14943CCC26D85459004EE07E /* AppDelegate.swift in Sources */ = {isa = PBXBuildFile; fileRef = 14943CCB26D85459004EE07E /* AppDelegate.swift */; };
		14943CCE26D85459004EE07E /* SceneDelegate.swift in Sources */ = {isa = PBXBuildFile; fileRef = 14943CCD26D85459004EE07E /* SceneDelegate.swift */; };
		14943CD026D85459004EE07E /* ContentView.swift in Sources */ = {isa = PBXBuildFile; fileRef = 14943CCF26D85459004EE07E /* ContentView.swift */; };
		14943CD326D85459004EE07E /* AdidevTech_Project.xcdatamodeld in Sources */ = {isa = PBXBuildFile; fileRef = 14943CD126D85459004EE07E /* AdidevTech_Project.xcdatamodeld */; };
		14943CD526D8545D004EE07E /* Assets.xcassets in Resources */ = {isa = PBXBuildFile; fileRef = 14943CD426D8545D004EE07E /* Assets.xcassets */; };
		14943CD826D8545D004EE07E /* Preview Assets.xcassets in Resources */ = {isa = PBXBuildFile; fileRef = 14943CD726D8545D004EE07E /* Preview Assets.xcassets */; };
		14943CDB26D8545D004EE07E /* LaunchScreen.storyboard in Resources */ = {isa = PBXBuildFile; fileRef = 14943CD926D8545D004EE07E /* LaunchScreen.storyboard */; };
		14943CE326D85736004EE07E /* ArtistTableCell.swift in Sources */ = {isa = PBXBuildFile; fileRef = 14943CE226D85736004EE07E /* ArtistTableCell.swift */; };
		14943CE526D88F38004EE07E /* Search.swift in Sources */ = {isa = PBXBuildFile; fileRef = 14943CE426D88F38004EE07E /* Search.swift */; };
		14943CE726D8A296004EE07E /* CheckInternet.swift in Sources */ = {isa = PBXBuildFile; fileRef = 14943CE626D8A296004EE07E /* CheckInternet.swift */; };
		14943CE926D8AAE0004EE07E /* Spinner.swift in Sources */ = {isa = PBXBuildFile; fileRef = 14943CE826D8AAE0004EE07E /* Spinner.swift */; };
/* End PBXBuildFile section */

/* Begin PBXContainerItemProxy section */
		148CED6226E00D77004657C1 /* PBXContainerItemProxy */ = {
			isa = PBXContainerItemProxy;
			containerPortal = 14943CC026D85459004EE07E /* Project object */;
			proxyType = 1;
			remoteGlobalIDString = 14943CC726D85459004EE07E;
			remoteInfo = "AdidevTech Project";
		};
/* End PBXContainerItemProxy section */

/* Begin PBXFileReference section */
		148CED5D26E00D77004657C1 /* AdidevTech ProjectTests.xctest */ = {isa = PBXFileReference; explicitFileType = wrapper.cfbundle; includeInIndex = 0; path = "AdidevTech ProjectTests.xctest"; sourceTree = BUILT_PRODUCTS_DIR; };
		148CED5F26E00D77004657C1 /* AdidevTech_ProjectTests.swift */ = {isa = PBXFileReference; lastKnownFileType = sourcecode.swift; path = AdidevTech_ProjectTests.swift; sourceTree = "<group>"; };
		148CED6126E00D77004657C1 /* Info.plist */ = {isa = PBXFileReference; lastKnownFileType = text.plist.xml; path = Info.plist; sourceTree = "<group>"; };
		148CED6826E091F0004657C1 /* Model.swift */ = {isa = PBXFileReference; lastKnownFileType = sourcecode.swift; path = Model.swift; sourceTree = "<group>"; };
		14943CC826D85459004EE07E /* AdidevTech Project.app */ = {isa = PBXFileReference; explicitFileType = wrapper.application; includeInIndex = 0; path = "AdidevTech Project.app"; sourceTree = BUILT_PRODUCTS_DIR; };
		14943CCB26D85459004EE07E /* AppDelegate.swift */ = {isa = PBXFileReference; lastKnownFileType = sourcecode.swift; path = AppDelegate.swift; sourceTree = "<group>"; };
		14943CCD26D85459004EE07E /* SceneDelegate.swift */ = {isa = PBXFileReference; lastKnownFileType = sourcecode.swift; path = SceneDelegate.swift; sourceTree = "<group>"; };
		14943CCF26D85459004EE07E /* ContentView.swift */ = {isa = PBXFileReference; lastKnownFileType = sourcecode.swift; path = ContentView.swift; sourceTree = "<group>"; };
		14943CD226D85459004EE07E /* AdidevTech_Project.xcdatamodel */ = {isa = PBXFileReference; lastKnownFileType = wrapper.xcdatamodel; path = AdidevTech_Project.xcdatamodel; sourceTree = "<group>"; };
		14943CD426D8545D004EE07E /* Assets.xcassets */ = {isa = PBXFileReference; lastKnownFileType = folder.assetcatalog; path = Assets.xcassets; sourceTree = "<group>"; };
		14943CD726D8545D004EE07E /* Preview Assets.xcassets */ = {isa = PBXFileReference; lastKnownFileType = folder.assetcatalog; path = "Preview Assets.xcassets"; sourceTree = "<group>"; };
		14943CDA26D8545D004EE07E /* Base */ = {isa = PBXFileReference; lastKnownFileType = file.storyboard; name = Base; path = Base.lproj/LaunchScreen.storyboard; sourceTree = "<group>"; };
		14943CDC26D8545D004EE07E /* Info.plist */ = {isa = PBXFileReference; lastKnownFileType = text.plist.xml; path = Info.plist; sourceTree = "<group>"; };
		14943CE226D85736004EE07E /* ArtistTableCell.swift */ = {isa = PBXFileReference; lastKnownFileType = sourcecode.swift; path = ArtistTableCell.swift; sourceTree = "<group>"; };
		14943CE426D88F38004EE07E /* Search.swift */ = {isa = PBXFileReference; lastKnownFileType = sourcecode.swift; path = Search.swift; sourceTree = "<group>"; };
		14943CE626D8A296004EE07E /* CheckInternet.swift */ = {isa = PBXFileReference; lastKnownFileType = sourcecode.swift; path = CheckInternet.swift; sourceTree = "<group>"; };
		14943CE826D8AAE0004EE07E /* Spinner.swift */ = {isa = PBXFileReference; lastKnownFileType = sourcecode.swift; path = Spinner.swift; sourceTree = "<group>"; };
/* End PBXFileReference section */

/* Begin PBXFrameworksBuildPhase section */
		148CED5A26E00D77004657C1 /* Frameworks */ = {
			isa = PBXFrameworksBuildPhase;
			buildActionMask = 2147483647;
			files = (
			);
			runOnlyForDeploymentPostprocessing = 0;
		};
		14943CC526D85459004EE07E /* Frameworks */ = {
			isa = PBXFrameworksBuildPhase;
			buildActionMask = 2147483647;
			files = (
			);
			runOnlyForDeploymentPostprocessing = 0;
		};
/* End PBXFrameworksBuildPhase section */

/* Begin PBXGroup section */
		148CED5E26E00D77004657C1 /* AdidevTech ProjectTests */ = {
			isa = PBXGroup;
			children = (
				148CED5F26E00D77004657C1 /* AdidevTech_ProjectTests.swift */,
				148CED6126E00D77004657C1 /* Info.plist */,
			);
			path = "AdidevTech ProjectTests";
			sourceTree = "<group>";
		};
		148CED6726E091E4004657C1 /* Model */ = {
			isa = PBXGroup;
			children = (
				148CED6826E091F0004657C1 /* Model.swift */,
			);
			path = Model;
			sourceTree = "<group>";
		};
		14943CBF26D85459004EE07E = {
			isa = PBXGroup;
			children = (
				14943CCA26D85459004EE07E /* AdidevTech Project */,
				148CED5E26E00D77004657C1 /* AdidevTech ProjectTests */,
				14943CC926D85459004EE07E /* Products */,
			);
			sourceTree = "<group>";
		};
		14943CC926D85459004EE07E /* Products */ = {
			isa = PBXGroup;
			children = (
				14943CC826D85459004EE07E /* AdidevTech Project.app */,
				148CED5D26E00D77004657C1 /* AdidevTech ProjectTests.xctest */,
			);
			name = Products;
			sourceTree = "<group>";
		};
		14943CCA26D85459004EE07E /* AdidevTech Project */ = {
			isa = PBXGroup;
			children = (
				148CED6726E091E4004657C1 /* Model */,
				14943CE626D8A296004EE07E /* CheckInternet.swift */,
				14943CCB26D85459004EE07E /* AppDelegate.swift */,
				14943CCD26D85459004EE07E /* SceneDelegate.swift */,
				14943CCF26D85459004EE07E /* ContentView.swift */,
				14943CE426D88F38004EE07E /* Search.swift */,
				14943CE226D85736004EE07E /* ArtistTableCell.swift */,
				14943CD426D8545D004EE07E /* Assets.xcassets */,
				14943CD926D8545D004EE07E /* LaunchScreen.storyboard */,
				14943CDC26D8545D004EE07E /* Info.plist */,
				14943CD126D85459004EE07E /* AdidevTech_Project.xcdatamodeld */,
				14943CD626D8545D004EE07E /* Preview Content */,
				14943CE826D8AAE0004EE07E /* Spinner.swift */,
			);
			path = "AdidevTech Project";
			sourceTree = "<group>";
		};
		14943CD626D8545D004EE07E /* Preview Content */ = {
			isa = PBXGroup;
			children = (
				14943CD726D8545D004EE07E /* Preview Assets.xcassets */,
			);
			path = "Preview Content";
			sourceTree = "<group>";
		};
/* End PBXGroup section */

/* Begin PBXNativeTarget section */
		148CED5C26E00D77004657C1 /* AdidevTech ProjectTests */ = {
			isa = PBXNativeTarget;
			buildConfigurationList = 148CED6426E00D77004657C1 /* Build configuration list for PBXNativeTarget "AdidevTech ProjectTests" */;
			buildPhases = (
				148CED5926E00D77004657C1 /* Sources */,
				148CED5A26E00D77004657C1 /* Frameworks */,
				148CED5B26E00D77004657C1 /* Resources */,
			);
			buildRules = (
			);
			dependencies = (
				148CED6326E00D77004657C1 /* PBXTargetDependency */,
			);
			name = "AdidevTech ProjectTests";
			productName = "AdidevTech ProjectTests";
			productReference = 148CED5D26E00D77004657C1 /* AdidevTech ProjectTests.xctest */;
			productType = "com.apple.product-type.bundle.unit-test";
		};
		14943CC726D85459004EE07E /* AdidevTech Project */ = {
			isa = PBXNativeTarget;
			buildConfigurationList = 14943CDF26D8545D004EE07E /* Build configuration list for PBXNativeTarget "AdidevTech Project" */;
			buildPhases = (
				14943CC426D85459004EE07E /* Sources */,
				14943CC526D85459004EE07E /* Frameworks */,
				14943CC626D85459004EE07E /* Resources */,
			);
			buildRules = (
			);
			dependencies = (
			);
			name = "AdidevTech Project";
			productName = "AdidevTech Project";
			productReference = 14943CC826D85459004EE07E /* AdidevTech Project.app */;
			productType = "com.apple.product-type.application";
		};
/* End PBXNativeTarget section */

/* Begin PBXProject section */
		14943CC026D85459004EE07E /* Project object */ = {
			isa = PBXProject;
			attributes = {
				LastSwiftUpdateCheck = 1250;
				LastUpgradeCheck = 1250;
				TargetAttributes = {
					148CED5C26E00D77004657C1 = {
						CreatedOnToolsVersion = 12.5.1;
						TestTargetID = 14943CC726D85459004EE07E;
					};
					14943CC726D85459004EE07E = {
						CreatedOnToolsVersion = 12.5.1;
					};
				};
			};
			buildConfigurationList = 14943CC326D85459004EE07E /* Build configuration list for PBXProject "AdidevTech Project" */;
			compatibilityVersion = "Xcode 9.3";
			developmentRegion = en;
			hasScannedForEncodings = 0;
			knownRegions = (
				en,
				Base,
			);
			mainGroup = 14943CBF26D85459004EE07E;
			productRefGroup = 14943CC926D85459004EE07E /* Products */;
			projectDirPath = "";
			projectRoot = "";
			targets = (
				14943CC726D85459004EE07E /* AdidevTech Project */,
				148CED5C26E00D77004657C1 /* AdidevTech ProjectTests */,
			);
		};
/* End PBXProject section */

/* Begin PBXResourcesBuildPhase section */
		148CED5B26E00D77004657C1 /* Resources */ = {
			isa = PBXResourcesBuildPhase;
			buildActionMask = 2147483647;
			files = (
			);
			runOnlyForDeploymentPostprocessing = 0;
		};
		14943CC626D85459004EE07E /* Resources */ = {
			isa = PBXResourcesBuildPhase;
			buildActionMask = 2147483647;
			files = (
				14943CDB26D8545D004EE07E /* LaunchScreen.storyboard in Resources */,
				14943CD826D8545D004EE07E /* Preview Assets.xcassets in Resources */,
				14943CD526D8545D004EE07E /* Assets.xcassets in Resources */,
			);
			runOnlyForDeploymentPostprocessing = 0;
		};
/* End PBXResourcesBuildPhase section */

/* Begin PBXSourcesBuildPhase section */
		148CED5926E00D77004657C1 /* Sources */ = {
			isa = PBXSourcesBuildPhase;
			buildActionMask = 2147483647;
			files = (
				148CED6026E00D77004657C1 /* AdidevTech_ProjectTests.swift in Sources */,
			);
			runOnlyForDeploymentPostprocessing = 0;
		};
		14943CC426D85459004EE07E /* Sources */ = {
			isa = PBXSourcesBuildPhase;
			buildActionMask = 2147483647;
			files = (
				148CED6926E091F0004657C1 /* Model.swift in Sources */,
				14943CE726D8A296004EE07E /* CheckInternet.swift in Sources */,
				14943CCC26D85459004EE07E /* AppDelegate.swift in Sources */,
				14943CE326D85736004EE07E /* ArtistTableCell.swift in Sources */,
				14943CCE26D85459004EE07E /* SceneDelegate.swift in Sources */,
				14943CE526D88F38004EE07E /* Search.swift in Sources */,
				14943CD326D85459004EE07E /* AdidevTech_Project.xcdatamodeld in Sources */,
				14943CD026D85459004EE07E /* ContentView.swift in Sources */,
				14943CE926D8AAE0004EE07E /* Spinner.swift in Sources */,
			);
			runOnlyForDeploymentPostprocessing = 0;
		};
/* End PBXSourcesBuildPhase section */

/* Begin PBXTargetDependency section */
		148CED6326E00D77004657C1 /* PBXTargetDependency */ = {
			isa = PBXTargetDependency;
			target = 14943CC726D85459004EE07E /* AdidevTech Project */;
			targetProxy = 148CED6226E00D77004657C1 /* PBXContainerItemProxy */;
		};
/* End PBXTargetDependency section */

/* Begin PBXVariantGroup section */
		14943CD926D8545D004EE07E /* LaunchScreen.storyboard */ = {
			isa = PBXVariantGroup;
			children = (
				14943CDA26D8545D004EE07E /* Base */,
			);
			name = LaunchScreen.storyboard;
			sourceTree = "<group>";
		};
/* End PBXVariantGroup section */

/* Begin XCBuildConfiguration section */
		148CED6526E00D77004657C1 /* Debug */ = {
			isa = XCBuildConfiguration;
			buildSettings = {
				BUNDLE_LOADER = "$(TEST_HOST)";
				CODE_SIGN_STYLE = Automatic;
				DEVELOPMENT_TEAM = 2J27MR8353;
				ENABLE_TESTING_SEARCH_PATHS = YES;
				INFOPLIST_FILE = "AdidevTech ProjectTests/Info.plist";
				LD_RUNPATH_SEARCH_PATHS = (
					"$(inherited)",
					"@executable_path/Frameworks",
					"@loader_path/Frameworks",
				);
				PRODUCT_BUNDLE_IDENTIFIER = "Clutchapps.AdidevTech-ProjectTests";
				PRODUCT_NAME = "$(TARGET_NAME)";
				SWIFT_VERSION = 5.0;
				TARGETED_DEVICE_FAMILY = "1,2";
				TEST_HOST = "$(BUILT_PRODUCTS_DIR)/AdidevTech Project.app/AdidevTech Project";
			};
			name = Debug;
		};
		148CED6626E00D77004657C1 /* Release */ = {
			isa = XCBuildConfiguration;
			buildSettings = {
				BUNDLE_LOADER = "$(TEST_HOST)";
				CODE_SIGN_STYLE = Automatic;
				DEVELOPMENT_TEAM = 2J27MR8353;
				ENABLE_TESTING_SEARCH_PATHS = YES;
				INFOPLIST_FILE = "AdidevTech ProjectTests/Info.plist";
				LD_RUNPATH_SEARCH_PATHS = (
					"$(inherited)",
					"@executable_path/Frameworks",
					"@loader_path/Frameworks",
				);
				PRODUCT_BUNDLE_IDENTIFIER = "Clutchapps.AdidevTech-ProjectTests";
				PRODUCT_NAME = "$(TARGET_NAME)";
				SWIFT_VERSION = 5.0;
				TARGETED_DEVICE_FAMILY = "1,2";
				TEST_HOST = "$(BUILT_PRODUCTS_DIR)/AdidevTech Project.app/AdidevTech Project";
			};
			name = Release;
		};
		14943CDD26D8545D004EE07E /* Debug */ = {
			isa = XCBuildConfiguration;
			buildSettings = {
				ALWAYS_SEARCH_USER_PATHS = NO;
				CLANG_ANALYZER_NONNULL = YES;
				CLANG_ANALYZER_NUMBER_OBJECT_CONVERSION = YES_AGGRESSIVE;
				CLANG_CXX_LANGUAGE_STANDARD = "gnu++14";
				CLANG_CXX_LIBRARY = "libc++";
				CLANG_ENABLE_MODULES = YES;
				CLANG_ENABLE_OBJC_ARC = YES;
				CLANG_ENABLE_OBJC_WEAK = YES;
				CLANG_WARN_BLOCK_CAPTURE_AUTORELEASING = YES;
				CLANG_WARN_BOOL_CONVERSION = YES;
				CLANG_WARN_COMMA = YES;
				CLANG_WARN_CONSTANT_CONVERSION = YES;
				CLANG_WARN_DEPRECATED_OBJC_IMPLEMENTATIONS = YES;
				CLANG_WARN_DIRECT_OBJC_ISA_USAGE = YES_ERROR;
				CLANG_WARN_DOCUMENTATION_COMMENTS = YES;
				CLANG_WARN_EMPTY_BODY = YES;
				CLANG_WARN_ENUM_CONVERSION = YES;
				CLANG_WARN_INFINITE_RECURSION = YES;
				CLANG_WARN_INT_CONVERSION = YES;
				CLANG_WARN_NON_LITERAL_NULL_CONVERSION = YES;
				CLANG_WARN_OBJC_IMPLICIT_RETAIN_SELF = YES;
				CLANG_WARN_OBJC_LITERAL_CONVERSION = YES;
				CLANG_WARN_OBJC_ROOT_CLASS = YES_ERROR;
				CLANG_WARN_QUOTED_INCLUDE_IN_FRAMEWORK_HEADER = YES;
				CLANG_WARN_RANGE_LOOP_ANALYSIS = YES;
				CLANG_WARN_STRICT_PROTOTYPES = YES;
				CLANG_WARN_SUSPICIOUS_MOVE = YES;
				CLANG_WARN_UNGUARDED_AVAILABILITY = YES_AGGRESSIVE;
				CLANG_WARN_UNREACHABLE_CODE = YES;
				CLANG_WARN__DUPLICATE_METHOD_MATCH = YES;
				COPY_PHASE_STRIP = NO;
				DEBUG_INFORMATION_FORMAT = dwarf;
				ENABLE_STRICT_OBJC_MSGSEND = YES;
				ENABLE_TESTABILITY = YES;
				ENABLE_TESTING_SEARCH_PATHS = NO;
				GCC_C_LANGUAGE_STANDARD = gnu11;
				GCC_DYNAMIC_NO_PIC = NO;
				GCC_NO_COMMON_BLOCKS = YES;
				GCC_OPTIMIZATION_LEVEL = 0;
				GCC_PREPROCESSOR_DEFINITIONS = (
					"DEBUG=1",
					"$(inherited)",
				);
				GCC_WARN_64_TO_32_BIT_CONVERSION = YES;
				GCC_WARN_ABOUT_RETURN_TYPE = YES_ERROR;
				GCC_WARN_UNDECLARED_SELECTOR = YES;
				GCC_WARN_UNINITIALIZED_AUTOS = YES_AGGRESSIVE;
				GCC_WARN_UNUSED_FUNCTION = YES;
				GCC_WARN_UNUSED_VARIABLE = YES;
				IPHONEOS_DEPLOYMENT_TARGET = 14.5;
				MTL_ENABLE_DEBUG_INFO = INCLUDE_SOURCE;
				MTL_FAST_MATH = YES;
				ONLY_ACTIVE_ARCH = YES;
				SDKROOT = iphoneos;
				SWIFT_ACTIVE_COMPILATION_CONDITIONS = DEBUG;
				SWIFT_OPTIMIZATION_LEVEL = "-Onone";
			};
			name = Debug;
		};
		14943CDE26D8545D004EE07E /* Release */ = {
			isa = XCBuildConfiguration;
			buildSettings = {
				ALWAYS_SEARCH_USER_PATHS = NO;
				CLANG_ANALYZER_NONNULL = YES;
				CLANG_ANALYZER_NUMBER_OBJECT_CONVERSION = YES_AGGRESSIVE;
				CLANG_CXX_LANGUAGE_STANDARD = "gnu++14";
				CLANG_CXX_LIBRARY = "libc++";
				CLANG_ENABLE_MODULES = YES;
				CLANG_ENABLE_OBJC_ARC = YES;
				CLANG_ENABLE_OBJC_WEAK = YES;
				CLANG_WARN_BLOCK_CAPTURE_AUTORELEASING = YES;
				CLANG_WARN_BOOL_CONVERSION = YES;
				CLANG_WARN_COMMA = YES;
				CLANG_WARN_CONSTANT_CONVERSION = YES;
				CLANG_WARN_DEPRECATED_OBJC_IMPLEMENTATIONS = YES;
				CLANG_WARN_DIRECT_OBJC_ISA_USAGE = YES_ERROR;
				CLANG_WARN_DOCUMENTATION_COMMENTS = YES;
				CLANG_WARN_EMPTY_BODY = YES;
				CLANG_WARN_ENUM_CONVERSION = YES;
				CLANG_WARN_INFINITE_RECURSION = YES;
				CLANG_WARN_INT_CONVERSION = YES;
				CLANG_WARN_NON_LITERAL_NULL_CONVERSION = YES;
				CLANG_WARN_OBJC_IMPLICIT_RETAIN_SELF = YES;
				CLANG_WARN_OBJC_LITERAL_CONVERSION = YES;
				CLANG_WARN_OBJC_ROOT_CLASS = YES_ERROR;
				CLANG_WARN_QUOTED_INCLUDE_IN_FRAMEWORK_HEADER = YES;
				CLANG_WARN_RANGE_LOOP_ANALYSIS = YES;
				CLANG_WARN_STRICT_PROTOTYPES = YES;
				CLANG_WARN_SUSPICIOUS_MOVE = YES;
				CLANG_WARN_UNGUARDED_AVAILABILITY = YES_AGGRESSIVE;
				CLANG_WARN_UNREACHABLE_CODE = YES;
				CLANG_WARN__DUPLICATE_METHOD_MATCH = YES;
				COPY_PHASE_STRIP = NO;
				DEBUG_INFORMATION_FORMAT = "dwarf-with-dsym";
				ENABLE_NS_ASSERTIONS = NO;
				ENABLE_STRICT_OBJC_MSGSEND = YES;
				ENABLE_TESTABILITY = YES;
				ENABLE_TESTING_SEARCH_PATHS = NO;
				GCC_C_LANGUAGE_STANDARD = gnu11;
				GCC_NO_COMMON_BLOCKS = YES;
				GCC_WARN_64_TO_32_BIT_CONVERSION = YES;
				GCC_WARN_ABOUT_RETURN_TYPE = YES_ERROR;
				GCC_WARN_UNDECLARED_SELECTOR = YES;
				GCC_WARN_UNINITIALIZED_AUTOS = YES_AGGRESSIVE;
				GCC_WARN_UNUSED_FUNCTION = YES;
				GCC_WARN_UNUSED_VARIABLE = YES;
				IPHONEOS_DEPLOYMENT_TARGET = 14.5;
				MTL_ENABLE_DEBUG_INFO = NO;
				MTL_FAST_MATH = YES;
				SDKROOT = iphoneos;
				SWIFT_COMPILATION_MODE = wholemodule;
				SWIFT_OPTIMIZATION_LEVEL = "-O";
				VALIDATE_PRODUCT = YES;
			};
			name = Release;
		};
		14943CE026D8545D004EE07E /* Debug */ = {
			isa = XCBuildConfiguration;
			buildSettings = {
				ASSETCATALOG_COMPILER_APPICON_NAME = AppIcon;
				ASSETCATALOG_COMPILER_GLOBAL_ACCENT_COLOR_NAME = AccentColor;
				CODE_SIGN_STYLE = Automatic;
				DEVELOPMENT_ASSET_PATHS = "\"AdidevTech Project/Preview Content\"";
				DEVELOPMENT_TEAM = 2J27MR8353;
				ENABLE_PREVIEWS = YES;
				INFOPLIST_FILE = "AdidevTech Project/Info.plist";
				LD_RUNPATH_SEARCH_PATHS = (
					"$(inherited)",
					"@executable_path/Frameworks",
				);
				PRODUCT_BUNDLE_IDENTIFIER = "Clutchapps.AdidevTech-Project";
				PRODUCT_NAME = "$(TARGET_NAME)";
				SWIFT_VERSION = 5.0;
				TARGETED_DEVICE_FAMILY = "1,2";
			};
			name = Debug;
		};
		14943CE126D8545D004EE07E /* Release */ = {
			isa = XCBuildConfiguration;
			buildSettings = {
				ASSETCATALOG_COMPILER_APPICON_NAME = AppIcon;
				ASSETCATALOG_COMPILER_GLOBAL_ACCENT_COLOR_NAME = AccentColor;
				CODE_SIGN_STYLE = Automatic;
				DEVELOPMENT_ASSET_PATHS = "\"AdidevTech Project/Preview Content\"";
				DEVELOPMENT_TEAM = 2J27MR8353;
				ENABLE_PREVIEWS = YES;
				INFOPLIST_FILE = "AdidevTech Project/Info.plist";
				LD_RUNPATH_SEARCH_PATHS = (
					"$(inherited)",
					"@executable_path/Frameworks",
				);
				PRODUCT_BUNDLE_IDENTIFIER = "Clutchapps.AdidevTech-Project";
				PRODUCT_NAME = "$(TARGET_NAME)";
				SWIFT_VERSION = 5.0;
				TARGETED_DEVICE_FAMILY = "1,2";
			};
			name = Release;
		};
/* End XCBuildConfiguration section */

/* Begin XCConfigurationList section */
		148CED6426E00D77004657C1 /* Build configuration list for PBXNativeTarget "AdidevTech ProjectTests" */ = {
			isa = XCConfigurationList;
			buildConfigurations = (
				148CED6526E00D77004657C1 /* Debug */,
				148CED6626E00D77004657C1 /* Release */,
			);
			defaultConfigurationIsVisible = 0;
			defaultConfigurationName = Release;
		};
		14943CC326D85459004EE07E /* Build configuration list for PBXProject "AdidevTech Project" */ = {
			isa = XCConfigurationList;
			buildConfigurations = (
				14943CDD26D8545D004EE07E /* Debug */,
				14943CDE26D8545D004EE07E /* Release */,
			);
			defaultConfigurationIsVisible = 0;
			defaultConfigurationName = Release;
		};
		14943CDF26D8545D004EE07E /* Build configuration list for PBXNativeTarget "AdidevTech Project" */ = {
			isa = XCConfigurationList;
			buildConfigurations = (
				14943CE026D8545D004EE07E /* Debug */,
				14943CE126D8545D004EE07E /* Release */,
			);
			defaultConfigurationIsVisible = 0;
			defaultConfigurationName = Release;
		};
/* End XCConfigurationList section */

/* Begin XCVersionGroup section */
		14943CD126D85459004EE07E /* AdidevTech_Project.xcdatamodeld */ = {
			isa = XCVersionGroup;
			children = (
				14943CD226D85459004EE07E /* AdidevTech_Project.xcdatamodel */,
			);
			currentVersion = 14943CD226D85459004EE07E /* AdidevTech_Project.xcdatamodel */;
			path = AdidevTech_Project.xcdatamodeld;
			sourceTree = "<group>";
			versionGroupType = wrapper.xcdatamodel;
		};
/* End XCVersionGroup section */
	};
	rootObject = 14943CC026D85459004EE07E /* Project object */;
}
